
Microsoft Visual Studio Solution File, Format Version 12.00
# Visual Studio Version 17
VisualStudioVersion = 17.14.36401.2
MinimumVisualStudioVersion = 10.0.40219.1
Project("{2150E333-8FDC-42A3-9474-1A3956D46DE8}") = "src", "src", "{02EA681E-C7D8-13C7-8484-4AC65E1B71E8}"
EndProject
Project("{FAE04EC0-301F-11D3-BF4B-00C04F79EFBC}") = "DynamicDAOfx", "src\DynamicDAOfx\DynamicDAOfx.csproj", "{FB022096-1B96-4F83-B4C2-9262CDDD21EE}"
EndProject
Global
	GlobalSection(SolutionConfigurationPlatforms) = preSolution
		Debug|Any CPU = Debug|Any CPU
		Release|Any CPU = Release|Any CPU
	EndGlobalSection
	GlobalSection(ProjectConfigurationPlatforms) = postSolution
		{FB022096-1B96-4F83-B4C2-9262CDDD21EE}.Debug|Any CPU.ActiveCfg = Debug|Any CPU
		{FB022096-1B96-4F83-B4C2-9262CDDD21EE}.Debug|Any CPU.Build.0 = Debug|Any CPU
		{FB022096-1B96-4F83-B4C2-9262CDDD21EE}.Release|Any CPU.ActiveCfg = Release|Any CPU
		{FB022096-1B96-4F83-B4C2-9262CDDD21EE}.Release|Any CPU.Build.0 = Release|Any CPU
	EndGlobalSection
	GlobalSection(SolutionProperties) = preSolution
		HideSolutionNode = FALSE
	EndGlobalSection
	GlobalSection(NestedProjects) = preSolution
		{FB022096-1B96-4F83-B4C2-9262CDDD21EE} = {02EA681E-C7D8-13C7-8484-4AC65E1B71E8}
	EndGlobalSection
	GlobalSection(ExtensibilityGlobals) = postSolution
		SolutionGuid = {EC1E5947-8F4E-4AD8-86C9-B5F81B22267E}
	EndGlobalSection
EndGlobal
