
Microsoft Visual Studio Solution File, Format Version 12.00
# Visual Studio Version 17
VisualStudioVersion = 17.2.32630.192
MinimumVisualStudioVersion = 10.0.40219.1
Project("{FAE04EC0-301F-11D3-BF4B-00C04F79EFBC}") = "DynamicDAO", "src\DynamicDAO\DynamicDAO.csproj", "{6078F77D-7B8C-44AB-B5EF-3FEBE6F516D0}"
EndProject
Global
	GlobalSection(SolutionConfigurationPlatforms) = preSolution
		Debug|Any CPU = Debug|Any CPU
		Release|Any CPU = Release|Any CPU
	EndGlobalSection
	GlobalSection(ProjectConfigurationPlatforms) = postSolution
		{6078F77D-7B8C-44AB-B5EF-3FEBE6F516D0}.Debug|Any CPU.ActiveCfg = Debug|Any CPU
		{6078F77D-7B8C-44AB-B5EF-3FEBE6F516D0}.Debug|Any CPU.Build.0 = Debug|Any CPU
		{6078F77D-7B8C-44AB-B5EF-3FEBE6F516D0}.Release|Any CPU.ActiveCfg = Release|Any CPU
		{6078F77D-7B8C-44AB-B5EF-3FEBE6F516D0}.Release|Any CPU.Build.0 = Release|Any CPU
	EndGlobalSection
	GlobalSection(SolutionProperties) = preSolution
		HideSolutionNode = FALSE
	EndGlobalSection
	GlobalSection(ExtensibilityGlobals) = postSolution
		SolutionGuid = {E59F653D-840A-460C-B8DB-4FDEA72F590A}
	EndGlobalSection
EndGlobal
